
Microsoft Visual Studio Solution File, Format Version 12.00
# Visual Studio Version 17
VisualStudioVersion = 17.1.32228.430
MinimumVisualStudioVersion = 10.0.40219.1
Project("{9A19103F-16F7-4668-BE54-9A1E7A4F7556}") = "TechbodiaTraining.Test", "TechbodiaTraining.Test\TechbodiaTraining.Test.csproj", "{CAB6933F-13A5-4D26-9687-2932B346889A}"
EndProject
Global
	GlobalSection(SolutionConfigurationPlatforms) = preSolution
		Debug|Any CPU = Debug|Any CPU
		Release|Any CPU = Release|Any CPU
	EndGlobalSection
	GlobalSection(ProjectConfigurationPlatforms) = postSolution
		{CAB6933F-13A5-4D26-9687-2932B346889A}.Debug|Any CPU.ActiveCfg = Debug|Any CPU
		{CAB6933F-13A5-4D26-9687-2932B346889A}.Debug|Any CPU.Build.0 = Debug|Any CPU
		{CAB6933F-13A5-4D26-9687-2932B346889A}.Release|Any CPU.ActiveCfg = Release|Any CPU
		{CAB6933F-13A5-4D26-9687-2932B346889A}.Release|Any CPU.Build.0 = Release|Any CPU
	EndGlobalSection
	GlobalSection(SolutionProperties) = preSolution
		HideSolutionNode = FALSE
	EndGlobalSection
	GlobalSection(ExtensibilityGlobals) = postSolution
		SolutionGuid = {76238F17-B790-4732-A0D1-B85EC14A2F98}
	EndGlobalSection
EndGlobal
